// !$*UTF8*$!
{
	archiveVersion = 1;
	classes = {
	};
	objectVersion = 56;
	objects = {

/* Begin PBXBuildFile section */
		70688E5F296CEA8500740A7A /* AppDelegate.m in Sources */ = {isa = PBXBuildFile; fileRef = 70688E5E296CEA8500740A7A /* AppDelegate.m */; };
		70688E62296CEA8500740A7A /* SceneDelegate.m in Sources */ = {isa = PBXBuildFile; fileRef = 70688E61296CEA8500740A7A /* SceneDelegate.m */; };
		70688E65296CEA8500740A7A /* ViewController.m in Sources */ = {isa = PBXBuildFile; fileRef = 70688E64296CEA8500740A7A /* ViewController.m */; };
		70688E68296CEA8500740A7A /* Main.storyboard in Resources */ = {isa = PBXBuildFile; fileRef = 70688E66296CEA8500740A7A /* Main.storyboard */; };
		70688E6A296CEA8600740A7A /* Assets.xcassets in Resources */ = {isa = PBXBuildFile; fileRef = 70688E69296CEA8600740A7A /* Assets.xcassets */; };
		70688E6D296CEA8600740A7A /* LaunchScreen.storyboard in Resources */ = {isa = PBXBuildFile; fileRef = 70688E6B296CEA8600740A7A /* LaunchScreen.storyboard */; };
		70688E70296CEA8600740A7A /* main.m in Sources */ = {isa = PBXBuildFile; fileRef = 70688E6F296CEA8600740A7A /* main.m */; };
		70688E78296CEC8800740A7A /* chop.cpp in Sources */ = {isa = PBXBuildFile; fileRef = 70688E76296CEC8800740A7A /* chop.cpp */; };
/* End PBXBuildFile section */

/* Begin PBXFileReference section */
		70688E5A296CEA8500740A7A /* ios-chop-tester.app */ = {isa = PBXFileReference; explicitFileType = wrapper.application; includeInIndex = 0; path = "ios-chop-tester.app"; sourceTree = BUILT_PRODUCTS_DIR; };
		70688E5D296CEA8500740A7A /* AppDelegate.h */ = {isa = PBXFileReference; lastKnownFileType = sourcecode.c.h; path = AppDelegate.h; sourceTree = "<group>"; };
		70688E5E296CEA8500740A7A /* AppDelegate.m */ = {isa = PBXFileReference; lastKnownFileType = sourcecode.c.objc; path = AppDelegate.m; sourceTree = "<group>"; };
		70688E60296CEA8500740A7A /* SceneDelegate.h */ = {isa = PBXFileReference; lastKnownFileType = sourcecode.c.h; path = SceneDelegate.h; sourceTree = "<group>"; };
		70688E61296CEA8500740A7A /* SceneDelegate.m */ = {isa = PBXFileReference; lastKnownFileType = sourcecode.c.objc; path = SceneDelegate.m; sourceTree = "<group>"; };
		70688E63296CEA8500740A7A /* ViewController.h */ = {isa = PBXFileReference; lastKnownFileType = sourcecode.c.h; path = ViewController.h; sourceTree = "<group>"; };
		70688E64296CEA8500740A7A /* ViewController.m */ = {isa = PBXFileReference; lastKnownFileType = sourcecode.c.objc; path = ViewController.m; sourceTree = "<group>"; };
		70688E67296CEA8500740A7A /* Base */ = {isa = PBXFileReference; lastKnownFileType = file.storyboard; name = Base; path = Base.lproj/Main.storyboard; sourceTree = "<group>"; };
		70688E69296CEA8600740A7A /* Assets.xcassets */ = {isa = PBXFileReference; lastKnownFileType = folder.assetcatalog; path = Assets.xcassets; sourceTree = "<group>"; };
		70688E6C296CEA8600740A7A /* Base */ = {isa = PBXFileReference; lastKnownFileType = file.storyboard; name = Base; path = Base.lproj/LaunchScreen.storyboard; sourceTree = "<group>"; };
		70688E6E296CEA8600740A7A /* Info.plist */ = {isa = PBXFileReference; lastKnownFileType = text.plist.xml; path = Info.plist; sourceTree = "<group>"; };
		70688E6F296CEA8600740A7A /* main.m */ = {isa = PBXFileReference; lastKnownFileType = sourcecode.c.objc; path = main.m; sourceTree = "<group>"; };
		70688E76296CEC8800740A7A /* chop.cpp */ = {isa = PBXFileReference; lastKnownFileType = sourcecode.cpp.cpp; path = chop.cpp; sourceTree = "<group>"; };
		70688E77296CEC8800740A7A /* chop.hpp */ = {isa = PBXFileReference; lastKnownFileType = sourcecode.cpp.h; path = chop.hpp; sourceTree = "<group>"; };
/* End PBXFileReference section */

/* Begin PBXFrameworksBuildPhase section */
		70688E57296CEA8500740A7A /* Frameworks */ = {
			isa = PBXFrameworksBuildPhase;
			buildActionMask = 2147483647;
			files = (
			);
			runOnlyForDeploymentPostprocessing = 0;
		};
/* End PBXFrameworksBuildPhase section */

/* Begin PBXGroup section */
		70688E51296CEA8500740A7A = {
			isa = PBXGroup;
			children = (
				70688E5C296CEA8500740A7A /* ios-chop-tester */,
				70688E5B296CEA8500740A7A /* Products */,
			);
			sourceTree = "<group>";
		};
		70688E5B296CEA8500740A7A /* Products */ = {
			isa = PBXGroup;
			children = (
				70688E5A296CEA8500740A7A /* ios-chop-tester.app */,
			);
			name = Products;
			sourceTree = "<group>";
		};
		70688E5C296CEA8500740A7A /* ios-chop-tester */ = {
			isa = PBXGroup;
			children = (
				70688E5D296CEA8500740A7A /* AppDelegate.h */,
				70688E5E296CEA8500740A7A /* AppDelegate.m */,
				70688E60296CEA8500740A7A /* SceneDelegate.h */,
				70688E61296CEA8500740A7A /* SceneDelegate.m */,
				70688E63296CEA8500740A7A /* ViewController.h */,
				70688E64296CEA8500740A7A /* ViewController.m */,
				70688E66296CEA8500740A7A /* Main.storyboard */,
				70688E69296CEA8600740A7A /* Assets.xcassets */,
				70688E6B296CEA8600740A7A /* LaunchScreen.storyboard */,
				70688E6E296CEA8600740A7A /* Info.plist */,
				70688E6F296CEA8600740A7A /* main.m */,
				70688E76296CEC8800740A7A /* chop.cpp */,
				70688E77296CEC8800740A7A /* chop.hpp */,
			);
			path = "ios-chop-tester";
			sourceTree = "<group>";
		};
/* End PBXGroup section */

/* Begin PBXNativeTarget section */
		70688E59296CEA8500740A7A /* ios-chop-tester */ = {
			isa = PBXNativeTarget;
			buildConfigurationList = 70688E73296CEA8600740A7A /* Build configuration list for PBXNativeTarget "ios-chop-tester" */;
			buildPhases = (
				70688E56296CEA8500740A7A /* Sources */,
				70688E57296CEA8500740A7A /* Frameworks */,
				70688E58296CEA8500740A7A /* Resources */,
			);
			buildRules = (
			);
			dependencies = (
			);
			name = "ios-chop-tester";
			productName = "ios-chop-tester";
			productReference = 70688E5A296CEA8500740A7A /* ios-chop-tester.app */;
			productType = "com.apple.product-type.application";
		};
/* End PBXNativeTarget section */

/* Begin PBXProject section */
		70688E52296CEA8500740A7A /* Project object */ = {
			isa = PBXProject;
			attributes = {
				BuildIndependentTargetsInParallel = 1;
				LastUpgradeCheck = 1420;
				TargetAttributes = {
					70688E59296CEA8500740A7A = {
						CreatedOnToolsVersion = 14.2;
					};
				};
			};
			buildConfigurationList = 70688E55296CEA8500740A7A /* Build configuration list for PBXProject "ios-chop-tester" */;
			compatibilityVersion = "Xcode 14.0";
			developmentRegion = en;
			hasScannedForEncodings = 0;
			knownRegions = (
				en,
				Base,
			);
			mainGroup = 70688E51296CEA8500740A7A;
			productRefGroup = 70688E5B296CEA8500740A7A /* Products */;
			projectDirPath = "";
			projectRoot = "";
			targets = (
				70688E59296CEA8500740A7A /* ios-chop-tester */,
			);
		};
/* End PBXProject section */

/* Begin PBXResourcesBuildPhase section */
		70688E58296CEA8500740A7A /* Resources */ = {
			isa = PBXResourcesBuildPhase;
			buildActionMask = 2147483647;
			files = (
				70688E6D296CEA8600740A7A /* LaunchScreen.storyboard in Resources */,
				70688E6A296CEA8600740A7A /* Assets.xcassets in Resources */,
				70688E68296CEA8500740A7A /* Main.storyboard in Resources */,
			);
			runOnlyForDeploymentPostprocessing = 0;
		};
/* End PBXResourcesBuildPhase section */

/* Begin PBXSourcesBuildPhase section */
		70688E56296CEA8500740A7A /* Sources */ = {
			isa = PBXSourcesBuildPhase;
			buildActionMask = 2147483647;
			files = (
				70688E65296CEA8500740A7A /* ViewController.m in Sources */,
				70688E5F296CEA8500740A7A /* AppDelegate.m in Sources */,
				70688E70296CEA8600740A7A /* main.m in Sources */,
				70688E78296CEC8800740A7A /* chop.cpp in Sources */,
				70688E62296CEA8500740A7A /* SceneDelegate.m in Sources */,
			);
			runOnlyForDeploymentPostprocessing = 0;
		};
/* End PBXSourcesBuildPhase section */

/* Begin PBXVariantGroup section */
		70688E66296CEA8500740A7A /* Main.storyboard */ = {
			isa = PBXVariantGroup;
			children = (
				70688E67296CEA8500740A7A /* Base */,
			);
			name = Main.storyboard;
			sourceTree = "<group>";
		};
		70688E6B296CEA8600740A7A /* LaunchScreen.storyboard */ = {
			isa = PBXVariantGroup;
			children = (
				70688E6C296CEA8600740A7A /* Base */,
			);
			name = LaunchScreen.storyboard;
			sourceTree = "<group>";
		};
/* End PBXVariantGroup section */

/* Begin XCBuildConfiguration section */
		70688E71296CEA8600740A7A /* Debug */ = {
			isa = XCBuildConfiguration;
			buildSettings = {
				ALWAYS_SEARCH_USER_PATHS = NO;
				CLANG_ANALYZER_NONNULL = YES;
				CLANG_ANALYZER_NUMBER_OBJECT_CONVERSION = YES_AGGRESSIVE;
				CLANG_CXX_LANGUAGE_STANDARD = "gnu++20";
				CLANG_ENABLE_MODULES = YES;
				CLANG_ENABLE_OBJC_ARC = YES;
				CLANG_ENABLE_OBJC_WEAK = YES;
				CLANG_WARN_BLOCK_CAPTURE_AUTORELEASING = YES;
				CLANG_WARN_BOOL_CONVERSION = YES;
				CLANG_WARN_COMMA = YES;
				CLANG_WARN_CONSTANT_CONVERSION = YES;
				CLANG_WARN_DEPRECATED_OBJC_IMPLEMENTATIONS = YES;
				CLANG_WARN_DIRECT_OBJC_ISA_USAGE = YES_ERROR;
				CLANG_WARN_DOCUMENTATION_COMMENTS = YES;
				CLANG_WARN_EMPTY_BODY = YES;
				CLANG_WARN_ENUM_CONVERSION = YES;
				CLANG_WARN_INFINITE_RECURSION = YES;
				CLANG_WARN_INT_CONVERSION = YES;
				CLANG_WARN_NON_LITERAL_NULL_CONVERSION = YES;
				CLANG_WARN_OBJC_IMPLICIT_RETAIN_SELF = YES;
				CLANG_WARN_OBJC_LITERAL_CONVERSION = YES;
				CLANG_WARN_OBJC_ROOT_CLASS = YES_ERROR;
				CLANG_WARN_QUOTED_INCLUDE_IN_FRAMEWORK_HEADER = YES;
				CLANG_WARN_RANGE_LOOP_ANALYSIS = YES;
				CLANG_WARN_STRICT_PROTOTYPES = YES;
				CLANG_WARN_SUSPICIOUS_MOVE = YES;
				CLANG_WARN_UNGUARDED_AVAILABILITY = YES_AGGRESSIVE;
				CLANG_WARN_UNREACHABLE_CODE = YES;
				CLANG_WARN__DUPLICATE_METHOD_MATCH = YES;
				COPY_PHASE_STRIP = NO;
				DEBUG_INFORMATION_FORMAT = dwarf;
				ENABLE_STRICT_OBJC_MSGSEND = YES;
				ENABLE_TESTABILITY = YES;
				GCC_C_LANGUAGE_STANDARD = gnu11;
				GCC_DYNAMIC_NO_PIC = NO;
				GCC_NO_COMMON_BLOCKS = YES;
				GCC_OPTIMIZATION_LEVEL = 0;
				GCC_PREPROCESSOR_DEFINITIONS = (
					"DEBUG=1",
					"$(inherited)",
				);
				GCC_WARN_64_TO_32_BIT_CONVERSION = YES;
				GCC_WARN_ABOUT_RETURN_TYPE = YES_ERROR;
				GCC_WARN_UNDECLARED_SELECTOR = YES;
				GCC_WARN_UNINITIALIZED_AUTOS = YES_AGGRESSIVE;
				GCC_WARN_UNUSED_FUNCTION = YES;
				GCC_WARN_UNUSED_VARIABLE = YES;
				IPHONEOS_DEPLOYMENT_TARGET = 16.2;
				MTL_ENABLE_DEBUG_INFO = INCLUDE_SOURCE;
				MTL_FAST_MATH = YES;
				ONLY_ACTIVE_ARCH = YES;
				SDKROOT = iphoneos;
			};
			name = Debug;
		};
		70688E72296CEA8600740A7A /* Release */ = {
			isa = XCBuildConfiguration;
			buildSettings = {
				ALWAYS_SEARCH_USER_PATHS = NO;
				CLANG_ANALYZER_NONNULL = YES;
				CLANG_ANALYZER_NUMBER_OBJECT_CONVERSION = YES_AGGRESSIVE;
				CLANG_CXX_LANGUAGE_STANDARD = "gnu++20";
				CLANG_ENABLE_MODULES = YES;
				CLANG_ENABLE_OBJC_ARC = YES;
				CLANG_ENABLE_OBJC_WEAK = YES;
				CLANG_WARN_BLOCK_CAPTURE_AUTORELEASING = YES;
				CLANG_WARN_BOOL_CONVERSION = YES;
				CLANG_WARN_COMMA = YES;
				CLANG_WARN_CONSTANT_CONVERSION = YES;
				CLANG_WARN_DEPRECATED_OBJC_IMPLEMENTATIONS = YES;
				CLANG_WARN_DIRECT_OBJC_ISA_USAGE = YES_ERROR;
				CLANG_WARN_DOCUMENTATION_COMMENTS = YES;
				CLANG_WARN_EMPTY_BODY = YES;
				CLANG_WARN_ENUM_CONVERSION = YES;
				CLANG_WARN_INFINITE_RECURSION = YES;
				CLANG_WARN_INT_CONVERSION = YES;
				CLANG_WARN_NON_LITERAL_NULL_CONVERSION = YES;
				CLANG_WARN_OBJC_IMPLICIT_RETAIN_SELF = YES;
				CLANG_WARN_OBJC_LITERAL_CONVERSION = YES;
				CLANG_WARN_OBJC_ROOT_CLASS = YES_ERROR;
				CLANG_WARN_QUOTED_INCLUDE_IN_FRAMEWORK_HEADER = YES;
				CLANG_WARN_RANGE_LOOP_ANALYSIS = YES;
				CLANG_WARN_STRICT_PROTOTYPES = YES;
				CLANG_WARN_SUSPICIOUS_MOVE = YES;
				CLANG_WARN_UNGUARDED_AVAILABILITY = YES_AGGRESSIVE;
				CLANG_WARN_UNREACHABLE_CODE = YES;
				CLANG_WARN__DUPLICATE_METHOD_MATCH = YES;
				COPY_PHASE_STRIP = NO;
				DEBUG_INFORMATION_FORMAT = "dwarf-with-dsym";
				ENABLE_NS_ASSERTIONS = NO;
				ENABLE_STRICT_OBJC_MSGSEND = YES;
				GCC_C_LANGUAGE_STANDARD = gnu11;
				GCC_NO_COMMON_BLOCKS = YES;
				GCC_WARN_64_TO_32_BIT_CONVERSION = YES;
				GCC_WARN_ABOUT_RETURN_TYPE = YES_ERROR;
				GCC_WARN_UNDECLARED_SELECTOR = YES;
				GCC_WARN_UNINITIALIZED_AUTOS = YES_AGGRESSIVE;
				GCC_WARN_UNUSED_FUNCTION = YES;
				GCC_WARN_UNUSED_VARIABLE = YES;
				IPHONEOS_DEPLOYMENT_TARGET = 16.2;
				MTL_ENABLE_DEBUG_INFO = NO;
				MTL_FAST_MATH = YES;
				SDKROOT = iphoneos;
				VALIDATE_PRODUCT = YES;
			};
			name = Release;
		};
		70688E74296CEA8600740A7A /* Debug */ = {
			isa = XCBuildConfiguration;
			buildSettings = {
				ASSETCATALOG_COMPILER_APPICON_NAME = AppIcon;
				ASSETCATALOG_COMPILER_GLOBAL_ACCENT_COLOR_NAME = AccentColor;
				CODE_SIGN_STYLE = Automatic;
				CURRENT_PROJECT_VERSION = 1;
				DEVELOPMENT_TEAM = 85P5NS26TQ;
				GENERATE_INFOPLIST_FILE = YES;
				INFOPLIST_FILE = "ios-chop-tester/Info.plist";
				INFOPLIST_KEY_UIApplicationSupportsIndirectInputEvents = YES;
				INFOPLIST_KEY_UILaunchStoryboardName = LaunchScreen;
				INFOPLIST_KEY_UIMainStoryboardFile = Main;
				INFOPLIST_KEY_UISupportedInterfaceOrientations_iPad = "UIInterfaceOrientationPortrait UIInterfaceOrientationPortraitUpsideDown UIInterfaceOrientationLandscapeLeft UIInterfaceOrientationLandscapeRight";
				INFOPLIST_KEY_UISupportedInterfaceOrientations_iPhone = "UIInterfaceOrientationPortrait UIInterfaceOrientationLandscapeLeft UIInterfaceOrientationLandscapeRight";
				IPHONEOS_DEPLOYMENT_TARGET = 15.0;
				LD_RUNPATH_SEARCH_PATHS = (
					"$(inherited)",
					"@executable_path/Frameworks",
				);
				MARKETING_VERSION = 1.0;
				OTHER_CFLAGS = (
					"-fstack-protector-all",
					"-fomit-frame-pointer",
				);
				PRODUCT_BUNDLE_IDENTIFIER = "chop.ios-chop-tester";
				PRODUCT_NAME = "$(TARGET_NAME)";
				SWIFT_EMIT_LOC_STRINGS = YES;
				TARGETED_DEVICE_FAMILY = "1,2";
				WARNING_CFLAGS = "-Wno-array-bounds";
			};
			name = Debug;
		};
		70688E75296CEA8600740A7A /* Release */ = {
			isa = XCBuildConfiguration;
			buildSettings = {
				ASSETCATALOG_COMPILER_APPICON_NAME = AppIcon;
				ASSETCATALOG_COMPILER_GLOBAL_ACCENT_COLOR_NAME = AccentColor;
				CODE_SIGN_STYLE = Automatic;
				CURRENT_PROJECT_VERSION = 1;
				DEVELOPMENT_TEAM = 85P5NS26TQ;
				GENERATE_INFOPLIST_FILE = YES;
				INFOPLIST_FILE = "ios-chop-tester/Info.plist";
				INFOPLIST_KEY_UIApplicationSupportsIndirectInputEvents = YES;
				INFOPLIST_KEY_UILaunchStoryboardName = LaunchScreen;
				INFOPLIST_KEY_UIMainStoryboardFile = Main;
				INFOPLIST_KEY_UISupportedInterfaceOrientations_iPad = "UIInterfaceOrientationPortrait UIInterfaceOrientationPortraitUpsideDown UIInterfaceOrientationLandscapeLeft UIInterfaceOrientationLandscapeRight";
				INFOPLIST_KEY_UISupportedInterfaceOrientations_iPhone = "UIInterfaceOrientationPortrait UIInterfaceOrientationLandscapeLeft UIInterfaceOrientationLandscapeRight";
				IPHONEOS_DEPLOYMENT_TARGET = 15.0;
				LD_RUNPATH_SEARCH_PATHS = (
					"$(inherited)",
					"@executable_path/Frameworks",
				);
				MARKETING_VERSION = 1.0;
				OTHER_CFLAGS = (
					"-fstack-protector-all",
					"-fomit-frame-pointer",
				);
				PRODUCT_BUNDLE_IDENTIFIER = "chop.ios-chop-tester";
				PRODUCT_NAME = "$(TARGET_NAME)";
				SWIFT_EMIT_LOC_STRINGS = YES;
				TARGETED_DEVICE_FAMILY = "1,2";
				WARNING_CFLAGS = "-Wno-array-bounds";
			};
			name = Release;
		};
/* End XCBuildConfiguration section */

/* Begin XCConfigurationList section */
		70688E55296CEA8500740A7A /* Build configuration list for PBXProject "ios-chop-tester" */ = {
			isa = XCConfigurationList;
			buildConfigurations = (
				70688E71296CEA8600740A7A /* Debug */,
				70688E72296CEA8600740A7A /* Release */,
			);
			defaultConfigurationIsVisible = 0;
			defaultConfigurationName = Release;
		};
		70688E73296CEA8600740A7A /* Build configuration list for PBXNativeTarget "ios-chop-tester" */ = {
			isa = XCConfigurationList;
			buildConfigurations = (
				70688E74296CEA8600740A7A /* Debug */,
				70688E75296CEA8600740A7A /* Release */,
			);
			defaultConfigurationIsVisible = 0;
			defaultConfigurationName = Release;
		};
/* End XCConfigurationList section */
	};
	rootObject = 70688E52296CEA8500740A7A /* Project object */;
}
